// !$*UTF8*$!
{
	archiveVersion = 1;
	classes = {
	};
	objectVersion = 51;
	objects = {

/* Begin PBXBuildFile section */
		2C0F53E7260F26A100B9B71A /* Restaurant.swift in Sources */ = {isa = PBXBuildFile; fileRef = 2C0F53E6260F26A100B9B71A /* Restaurant.swift */; };
		2C0F53EA260F294300B9B71A /* NetworkManager.swift in Sources */ = {isa = PBXBuildFile; fileRef = 2C0F53E9260F294300B9B71A /* NetworkManager.swift */; };
		2C0F53FB260F553900B9B71A /* UIColor+Ext.swift in Sources */ = {isa = PBXBuildFile; fileRef = 2C0F53FA260F553900B9B71A /* UIColor+Ext.swift */; };
		2C2055552610819900EB8710 /* FilterViewController.swift in Sources */ = {isa = PBXBuildFile; fileRef = 2C2055542610819900EB8710 /* FilterViewController.swift */; };
		2C20555926108AAA00EB8710 /* DeliveryData.swift in Sources */ = {isa = PBXBuildFile; fileRef = 2C20555826108AAA00EB8710 /* DeliveryData.swift */; };
		2C20555C2610A14300EB8710 /* ConfirmFilterView.swift in Sources */ = {isa = PBXBuildFile; fileRef = 2C20555B2610A14300EB8710 /* ConfirmFilterView.swift */; };
		2CB6BE7A260DC0E100199421 /* AppDelegate.swift in Sources */ = {isa = PBXBuildFile; fileRef = 2CB6BE79260DC0E100199421 /* AppDelegate.swift */; };
		2CB6BE7C260DC0E100199421 /* SceneDelegate.swift in Sources */ = {isa = PBXBuildFile; fileRef = 2CB6BE7B260DC0E100199421 /* SceneDelegate.swift */; };
		2CB6BE7E260DC0E100199421 /* HomeViewController.swift in Sources */ = {isa = PBXBuildFile; fileRef = 2CB6BE7D260DC0E100199421 /* HomeViewController.swift */; };
		2CB6BE83260DC0E200199421 /* Assets.xcassets in Resources */ = {isa = PBXBuildFile; fileRef = 2CB6BE82260DC0E200199421 /* Assets.xcassets */; };
		2CB6BE86260DC0E200199421 /* LaunchScreen.storyboard in Resources */ = {isa = PBXBuildFile; fileRef = 2CB6BE84260DC0E200199421 /* LaunchScreen.storyboard */; };
		2CB6BE9A260DC82100199421 /* CustomTableViewCell.swift in Sources */ = {isa = PBXBuildFile; fileRef = 2CB6BE99260DC82100199421 /* CustomTableViewCell.swift */; };
		2CDA5E7A2619FB88000F147E /* FilterDetail.swift in Sources */ = {isa = PBXBuildFile; fileRef = 2CDA5E792619FB88000F147E /* FilterDetail.swift */; };
		2CE24CA12617347300229B0B /* FilterTableViewCell.xib in Resources */ = {isa = PBXBuildFile; fileRef = 2CE24CA02617347300229B0B /* FilterTableViewCell.xib */; };
		2CE24CA42617348900229B0B /* FilterTableViewCell.swift in Sources */ = {isa = PBXBuildFile; fileRef = 2CE24CA32617348900229B0B /* FilterTableViewCell.swift */; };
		96FC42ECCB97B18CCB630F2F /* Pods_FoodApp.framework in Frameworks */ = {isa = PBXBuildFile; fileRef = F6562E41E79F593B4A849CEC /* Pods_FoodApp.framework */; };
/* End PBXBuildFile section */

/* Begin PBXFileReference section */
		2C0F53E6260F26A100B9B71A /* Restaurant.swift */ = {isa = PBXFileReference; lastKnownFileType = sourcecode.swift; path = Restaurant.swift; sourceTree = "<group>"; };
		2C0F53E9260F294300B9B71A /* NetworkManager.swift */ = {isa = PBXFileReference; lastKnownFileType = sourcecode.swift; path = NetworkManager.swift; sourceTree = "<group>"; };
		2C0F53FA260F553900B9B71A /* UIColor+Ext.swift */ = {isa = PBXFileReference; lastKnownFileType = sourcecode.swift; path = "UIColor+Ext.swift"; sourceTree = "<group>"; };
		2C2055542610819900EB8710 /* FilterViewController.swift */ = {isa = PBXFileReference; lastKnownFileType = sourcecode.swift; path = FilterViewController.swift; sourceTree = "<group>"; };
		2C20555826108AAA00EB8710 /* DeliveryData.swift */ = {isa = PBXFileReference; lastKnownFileType = sourcecode.swift; path = DeliveryData.swift; sourceTree = "<group>"; };
		2C20555B2610A14300EB8710 /* ConfirmFilterView.swift */ = {isa = PBXFileReference; lastKnownFileType = sourcecode.swift; path = ConfirmFilterView.swift; sourceTree = "<group>"; };
		2CB6BE76260DC0E100199421 /* FoodApp.app */ = {isa = PBXFileReference; explicitFileType = wrapper.application; includeInIndex = 0; path = FoodApp.app; sourceTree = BUILT_PRODUCTS_DIR; };
		2CB6BE79260DC0E100199421 /* AppDelegate.swift */ = {isa = PBXFileReference; lastKnownFileType = sourcecode.swift; path = AppDelegate.swift; sourceTree = "<group>"; };
		2CB6BE7B260DC0E100199421 /* SceneDelegate.swift */ = {isa = PBXFileReference; lastKnownFileType = sourcecode.swift; path = SceneDelegate.swift; sourceTree = "<group>"; };
		2CB6BE7D260DC0E100199421 /* HomeViewController.swift */ = {isa = PBXFileReference; lastKnownFileType = sourcecode.swift; path = HomeViewController.swift; sourceTree = "<group>"; };
		2CB6BE82260DC0E200199421 /* Assets.xcassets */ = {isa = PBXFileReference; lastKnownFileType = folder.assetcatalog; path = Assets.xcassets; sourceTree = "<group>"; };
		2CB6BE85260DC0E200199421 /* Base */ = {isa = PBXFileReference; lastKnownFileType = file.storyboard; name = Base; path = Base.lproj/LaunchScreen.storyboard; sourceTree = "<group>"; };
		2CB6BE87260DC0E200199421 /* Info.plist */ = {isa = PBXFileReference; lastKnownFileType = text.plist.xml; path = Info.plist; sourceTree = "<group>"; };
		2CB6BE99260DC82100199421 /* CustomTableViewCell.swift */ = {isa = PBXFileReference; lastKnownFileType = sourcecode.swift; path = CustomTableViewCell.swift; sourceTree = "<group>"; };
		2CDA5E792619FB88000F147E /* FilterDetail.swift */ = {isa = PBXFileReference; lastKnownFileType = sourcecode.swift; path = FilterDetail.swift; sourceTree = "<group>"; };
		2CE24CA02617347300229B0B /* FilterTableViewCell.xib */ = {isa = PBXFileReference; lastKnownFileType = file.xib; path = FilterTableViewCell.xib; sourceTree = "<group>"; };
		2CE24CA32617348900229B0B /* FilterTableViewCell.swift */ = {isa = PBXFileReference; lastKnownFileType = sourcecode.swift; path = FilterTableViewCell.swift; sourceTree = "<group>"; };
		B9558493A75DE0EC54E3A9EC /* Pods-FoodApp.debug.xcconfig */ = {isa = PBXFileReference; includeInIndex = 1; lastKnownFileType = text.xcconfig; name = "Pods-FoodApp.debug.xcconfig"; path = "Target Support Files/Pods-FoodApp/Pods-FoodApp.debug.xcconfig"; sourceTree = "<group>"; };
		F0E56FE4EF14077F05345A4C /* Pods-FoodApp.release.xcconfig */ = {isa = PBXFileReference; includeInIndex = 1; lastKnownFileType = text.xcconfig; name = "Pods-FoodApp.release.xcconfig"; path = "Target Support Files/Pods-FoodApp/Pods-FoodApp.release.xcconfig"; sourceTree = "<group>"; };
		F6562E41E79F593B4A849CEC /* Pods_FoodApp.framework */ = {isa = PBXFileReference; explicitFileType = wrapper.framework; includeInIndex = 0; path = Pods_FoodApp.framework; sourceTree = BUILT_PRODUCTS_DIR; };
/* End PBXFileReference section */

/* Begin PBXFrameworksBuildPhase section */
		2CB6BE73260DC0E100199421 /* Frameworks */ = {
			isa = PBXFrameworksBuildPhase;
			buildActionMask = 2147483647;
			files = (
				96FC42ECCB97B18CCB630F2F /* Pods_FoodApp.framework in Frameworks */,
			);
			runOnlyForDeploymentPostprocessing = 0;
		};
/* End PBXFrameworksBuildPhase section */

/* Begin PBXGroup section */
		2C0F53F4260F54AC00B9B71A /* Model */ = {
			isa = PBXGroup;
			children = (
				2C0F53E6260F26A100B9B71A /* Restaurant.swift */,
				2C20555826108AAA00EB8710 /* DeliveryData.swift */,
				2CDA5E792619FB88000F147E /* FilterDetail.swift */,
			);
			path = Model;
			sourceTree = "<group>";
		};
		2C0F53F6260F54D200B9B71A /* Services */ = {
			isa = PBXGroup;
			children = (
				2C0F53E9260F294300B9B71A /* NetworkManager.swift */,
			);
			path = Services;
			sourceTree = "<group>";
		};
		2C0F53F9260F552000B9B71A /* Extensions */ = {
			isa = PBXGroup;
			children = (
				2C0F53FA260F553900B9B71A /* UIColor+Ext.swift */,
			);
			path = Extensions;
			sourceTree = "<group>";
		};
		2C18C1A32611B7DF001CE85D /* View */ = {
			isa = PBXGroup;
			children = (
				2C20555B2610A14300EB8710 /* ConfirmFilterView.swift */,
				2CB6BE99260DC82100199421 /* CustomTableViewCell.swift */,
				2CE24CA02617347300229B0B /* FilterTableViewCell.xib */,
				2CE24CA32617348900229B0B /* FilterTableViewCell.swift */,
			);
			path = View;
			sourceTree = "<group>";
		};
		2C18C1A52611B7F4001CE85D /* Controller */ = {
			isa = PBXGroup;
			children = (
				2CB6BE7D260DC0E100199421 /* HomeViewController.swift */,
				2C2055542610819900EB8710 /* FilterViewController.swift */,
			);
			path = Controller;
			sourceTree = "<group>";
		};
		2C18C1A72611B81F001CE85D /* Application */ = {
			isa = PBXGroup;
			children = (
				2CB6BE84260DC0E200199421 /* LaunchScreen.storyboard */,
				2CB6BE79260DC0E100199421 /* AppDelegate.swift */,
				2CB6BE7B260DC0E100199421 /* SceneDelegate.swift */,
				2CB6BE87260DC0E200199421 /* Info.plist */,
			);
			path = Application;
			sourceTree = "<group>";
		};
		2CB6BE6D260DC0E100199421 = {
			isa = PBXGroup;
			children = (
				2CB6BE78260DC0E100199421 /* FoodApp */,
				2CB6BE77260DC0E100199421 /* Products */,
				AC025116957800418F8F2989 /* Pods */,
				9787B3A2A2356197CEEFBAE6 /* Frameworks */,
			);
			sourceTree = "<group>";
		};
		2CB6BE77260DC0E100199421 /* Products */ = {
			isa = PBXGroup;
			children = (
				2CB6BE76260DC0E100199421 /* FoodApp.app */,
			);
			name = Products;
			sourceTree = "<group>";
		};
		2CB6BE78260DC0E100199421 /* FoodApp */ = {
			isa = PBXGroup;
			children = (
				2C18C1A72611B81F001CE85D /* Application */,
				2C18C1A52611B7F4001CE85D /* Controller */,
				2C18C1A32611B7DF001CE85D /* View */,
				2C0F53F4260F54AC00B9B71A /* Model */,
				2C0F53F6260F54D200B9B71A /* Services */,
				2C0F53F9260F552000B9B71A /* Extensions */,
				2CB6BE82260DC0E200199421 /* Assets.xcassets */,
			);
			path = FoodApp;
			sourceTree = "<group>";
		};
		9787B3A2A2356197CEEFBAE6 /* Frameworks */ = {
			isa = PBXGroup;
			children = (
				F6562E41E79F593B4A849CEC /* Pods_FoodApp.framework */,
			);
			name = Frameworks;
			sourceTree = "<group>";
		};
		AC025116957800418F8F2989 /* Pods */ = {
			isa = PBXGroup;
			children = (
				B9558493A75DE0EC54E3A9EC /* Pods-FoodApp.debug.xcconfig */,
				F0E56FE4EF14077F05345A4C /* Pods-FoodApp.release.xcconfig */,
			);
			path = Pods;
			sourceTree = "<group>";
		};
/* End PBXGroup section */

/* Begin PBXNativeTarget section */
		2CB6BE75260DC0E100199421 /* FoodApp */ = {
			isa = PBXNativeTarget;
			buildConfigurationList = 2CB6BE8A260DC0E200199421 /* Build configuration list for PBXNativeTarget "FoodApp" */;
			buildPhases = (
				7008D134F049F62DB26C79AD /* [CP] Check Pods Manifest.lock */,
				2CB6BE72260DC0E100199421 /* Sources */,
				2CB6BE73260DC0E100199421 /* Frameworks */,
				2CB6BE74260DC0E100199421 /* Resources */,
				A5145ED983619FB944621065 /* [CP] Embed Pods Frameworks */,
			);
			buildRules = (
			);
			dependencies = (
			);
			name = FoodApp;
			productName = FoodApp;
			productReference = 2CB6BE76260DC0E100199421 /* FoodApp.app */;
			productType = "com.apple.product-type.application";
		};
/* End PBXNativeTarget section */

/* Begin PBXProject section */
		2CB6BE6E260DC0E100199421 /* Project object */ = {
			isa = PBXProject;
			attributes = {
				LastSwiftUpdateCheck = 1240;
				LastUpgradeCheck = 1240;
				TargetAttributes = {
					2CB6BE75260DC0E100199421 = {
						CreatedOnToolsVersion = 12.4;
					};
				};
			};
			buildConfigurationList = 2CB6BE71260DC0E100199421 /* Build configuration list for PBXProject "FoodApp" */;
			compatibilityVersion = "Xcode 9.3";
			developmentRegion = en;
			hasScannedForEncodings = 0;
			knownRegions = (
				en,
				Base,
			);
			mainGroup = 2CB6BE6D260DC0E100199421;
			productRefGroup = 2CB6BE77260DC0E100199421 /* Products */;
			projectDirPath = "";
			projectRoot = "";
			targets = (
				2CB6BE75260DC0E100199421 /* FoodApp */,
			);
		};
/* End PBXProject section */

/* Begin PBXResourcesBuildPhase section */
		2CB6BE74260DC0E100199421 /* Resources */ = {
			isa = PBXResourcesBuildPhase;
			buildActionMask = 2147483647;
			files = (
				2CB6BE86260DC0E200199421 /* LaunchScreen.storyboard in Resources */,
				2CE24CA12617347300229B0B /* FilterTableViewCell.xib in Resources */,
				2CB6BE83260DC0E200199421 /* Assets.xcassets in Resources */,
			);
			runOnlyForDeploymentPostprocessing = 0;
		};
/* End PBXResourcesBuildPhase section */

/* Begin PBXShellScriptBuildPhase section */
		7008D134F049F62DB26C79AD /* [CP] Check Pods Manifest.lock */ = {
			isa = PBXShellScriptBuildPhase;
			buildActionMask = 2147483647;
			files = (
			);
			inputFileListPaths = (
			);
			inputPaths = (
				"${PODS_PODFILE_DIR_PATH}/Podfile.lock",
				"${PODS_ROOT}/Manifest.lock",
			);
			name = "[CP] Check Pods Manifest.lock";
			outputFileListPaths = (
			);
			outputPaths = (
				"$(DERIVED_FILE_DIR)/Pods-FoodApp-checkManifestLockResult.txt",
			);
			runOnlyForDeploymentPostprocessing = 0;
			shellPath = /bin/sh;
			shellScript = "diff \"${PODS_PODFILE_DIR_PATH}/Podfile.lock\" \"${PODS_ROOT}/Manifest.lock\" > /dev/null\nif [ $? != 0 ] ; then\n    # print error to STDERR\n    echo \"error: The sandbox is not in sync with the Podfile.lock. Run 'pod install' or update your CocoaPods installation.\" >&2\n    exit 1\nfi\n# This output is used by Xcode 'outputs' to avoid re-running this script phase.\necho \"SUCCESS\" > \"${SCRIPT_OUTPUT_FILE_0}\"\n";
			showEnvVarsInLog = 0;
		};
		A5145ED983619FB944621065 /* [CP] Embed Pods Frameworks */ = {
			isa = PBXShellScriptBuildPhase;
			buildActionMask = 2147483647;
			files = (
			);
			inputFileListPaths = (
				"${PODS_ROOT}/Target Support Files/Pods-FoodApp/Pods-FoodApp-frameworks-${CONFIGURATION}-input-files.xcfilelist",
			);
			name = "[CP] Embed Pods Frameworks";
			outputFileListPaths = (
				"${PODS_ROOT}/Target Support Files/Pods-FoodApp/Pods-FoodApp-frameworks-${CONFIGURATION}-output-files.xcfilelist",
			);
			runOnlyForDeploymentPostprocessing = 0;
			shellPath = /bin/sh;
			shellScript = "\"${PODS_ROOT}/Target Support Files/Pods-FoodApp/Pods-FoodApp-frameworks.sh\"\n";
			showEnvVarsInLog = 0;
		};
/* End PBXShellScriptBuildPhase section */

/* Begin PBXSourcesBuildPhase section */
		2CB6BE72260DC0E100199421 /* Sources */ = {
			isa = PBXSourcesBuildPhase;
			buildActionMask = 2147483647;
			files = (
				2C0F53EA260F294300B9B71A /* NetworkManager.swift in Sources */,
				2CB6BE7E260DC0E100199421 /* HomeViewController.swift in Sources */,
				2CB6BE7A260DC0E100199421 /* AppDelegate.swift in Sources */,
				2C20555C2610A14300EB8710 /* ConfirmFilterView.swift in Sources */,
				2C2055552610819900EB8710 /* FilterViewController.swift in Sources */,
				2CB6BE9A260DC82100199421 /* CustomTableViewCell.swift in Sources */,
				2CDA5E7A2619FB88000F147E /* FilterDetail.swift in Sources */,
				2C20555926108AAA00EB8710 /* DeliveryData.swift in Sources */,
				2C0F53E7260F26A100B9B71A /* Restaurant.swift in Sources */,
				2CE24CA42617348900229B0B /* FilterTableViewCell.swift in Sources */,
				2C0F53FB260F553900B9B71A /* UIColor+Ext.swift in Sources */,
				2CB6BE7C260DC0E100199421 /* SceneDelegate.swift in Sources */,
			);
			runOnlyForDeploymentPostprocessing = 0;
		};
/* End PBXSourcesBuildPhase section */

/* Begin PBXVariantGroup section */
		2CB6BE84260DC0E200199421 /* LaunchScreen.storyboard */ = {
			isa = PBXVariantGroup;
			children = (
				2CB6BE85260DC0E200199421 /* Base */,
			);
			name = LaunchScreen.storyboard;
			sourceTree = "<group>";
		};
/* End PBXVariantGroup section */

/* Begin XCBuildConfiguration section */
		2CB6BE88260DC0E200199421 /* Debug */ = {
			isa = XCBuildConfiguration;
			buildSettings = {
				ALWAYS_SEARCH_USER_PATHS = NO;
				CLANG_ANALYZER_NONNULL = YES;
				CLANG_ANALYZER_NUMBER_OBJECT_CONVERSION = YES_AGGRESSIVE;
				CLANG_CXX_LANGUAGE_STANDARD = "gnu++14";
				CLANG_CXX_LIBRARY = "libc++";
				CLANG_ENABLE_MODULES = YES;
				CLANG_ENABLE_OBJC_ARC = YES;
				CLANG_ENABLE_OBJC_WEAK = YES;
				CLANG_WARN_BLOCK_CAPTURE_AUTORELEASING = YES;
				CLANG_WARN_BOOL_CONVERSION = YES;
				CLANG_WARN_COMMA = YES;
				CLANG_WARN_CONSTANT_CONVERSION = YES;
				CLANG_WARN_DEPRECATED_OBJC_IMPLEMENTATIONS = YES;
				CLANG_WARN_DIRECT_OBJC_ISA_USAGE = YES_ERROR;
				CLANG_WARN_DOCUMENTATION_COMMENTS = YES;
				CLANG_WARN_EMPTY_BODY = YES;
				CLANG_WARN_ENUM_CONVERSION = YES;
				CLANG_WARN_INFINITE_RECURSION = YES;
				CLANG_WARN_INT_CONVERSION = YES;
				CLANG_WARN_NON_LITERAL_NULL_CONVERSION = YES;
				CLANG_WARN_OBJC_IMPLICIT_RETAIN_SELF = YES;
				CLANG_WARN_OBJC_LITERAL_CONVERSION = YES;
				CLANG_WARN_OBJC_ROOT_CLASS = YES_ERROR;
				CLANG_WARN_QUOTED_INCLUDE_IN_FRAMEWORK_HEADER = YES;
				CLANG_WARN_RANGE_LOOP_ANALYSIS = YES;
				CLANG_WARN_STRICT_PROTOTYPES = YES;
				CLANG_WARN_SUSPICIOUS_MOVE = YES;
				CLANG_WARN_UNGUARDED_AVAILABILITY = YES_AGGRESSIVE;
				CLANG_WARN_UNREACHABLE_CODE = YES;
				CLANG_WARN__DUPLICATE_METHOD_MATCH = YES;
				COPY_PHASE_STRIP = NO;
				DEBUG_INFORMATION_FORMAT = dwarf;
				ENABLE_STRICT_OBJC_MSGSEND = YES;
				ENABLE_TESTABILITY = YES;
				GCC_C_LANGUAGE_STANDARD = gnu11;
				GCC_DYNAMIC_NO_PIC = NO;
				GCC_NO_COMMON_BLOCKS = YES;
				GCC_OPTIMIZATION_LEVEL = 0;
				GCC_PREPROCESSOR_DEFINITIONS = (
					"DEBUG=1",
					"$(inherited)",
				);
				GCC_WARN_64_TO_32_BIT_CONVERSION = YES;
				GCC_WARN_ABOUT_RETURN_TYPE = YES_ERROR;
				GCC_WARN_UNDECLARED_SELECTOR = YES;
				GCC_WARN_UNINITIALIZED_AUTOS = YES_AGGRESSIVE;
				GCC_WARN_UNUSED_FUNCTION = YES;
				GCC_WARN_UNUSED_VARIABLE = YES;
				IPHONEOS_DEPLOYMENT_TARGET = 14.4;
				MTL_ENABLE_DEBUG_INFO = INCLUDE_SOURCE;
				MTL_FAST_MATH = YES;
				ONLY_ACTIVE_ARCH = YES;
				SDKROOT = iphoneos;
				SWIFT_ACTIVE_COMPILATION_CONDITIONS = DEBUG;
				SWIFT_OPTIMIZATION_LEVEL = "-Onone";
			};
			name = Debug;
		};
		2CB6BE89260DC0E200199421 /* Release */ = {
			isa = XCBuildConfiguration;
			buildSettings = {
				ALWAYS_SEARCH_USER_PATHS = NO;
				CLANG_ANALYZER_NONNULL = YES;
				CLANG_ANALYZER_NUMBER_OBJECT_CONVERSION = YES_AGGRESSIVE;
				CLANG_CXX_LANGUAGE_STANDARD = "gnu++14";
				CLANG_CXX_LIBRARY = "libc++";
				CLANG_ENABLE_MODULES = YES;
				CLANG_ENABLE_OBJC_ARC = YES;
				CLANG_ENABLE_OBJC_WEAK = YES;
				CLANG_WARN_BLOCK_CAPTURE_AUTORELEASING = YES;
				CLANG_WARN_BOOL_CONVERSION = YES;
				CLANG_WARN_COMMA = YES;
				CLANG_WARN_CONSTANT_CONVERSION = YES;
				CLANG_WARN_DEPRECATED_OBJC_IMPLEMENTATIONS = YES;
				CLANG_WARN_DIRECT_OBJC_ISA_USAGE = YES_ERROR;
				CLANG_WARN_DOCUMENTATION_COMMENTS = YES;
				CLANG_WARN_EMPTY_BODY = YES;
				CLANG_WARN_ENUM_CONVERSION = YES;
				CLANG_WARN_INFINITE_RECURSION = YES;
				CLANG_WARN_INT_CONVERSION = YES;
				CLANG_WARN_NON_LITERAL_NULL_CONVERSION = YES;
				CLANG_WARN_OBJC_IMPLICIT_RETAIN_SELF = YES;
				CLANG_WARN_OBJC_LITERAL_CONVERSION = YES;
				CLANG_WARN_OBJC_ROOT_CLASS = YES_ERROR;
				CLANG_WARN_QUOTED_INCLUDE_IN_FRAMEWORK_HEADER = YES;
				CLANG_WARN_RANGE_LOOP_ANALYSIS = YES;
				CLANG_WARN_STRICT_PROTOTYPES = YES;
				CLANG_WARN_SUSPICIOUS_MOVE = YES;
				CLANG_WARN_UNGUARDED_AVAILABILITY = YES_AGGRESSIVE;
				CLANG_WARN_UNREACHABLE_CODE = YES;
				CLANG_WARN__DUPLICATE_METHOD_MATCH = YES;
				COPY_PHASE_STRIP = NO;
				DEBUG_INFORMATION_FORMAT = "dwarf-with-dsym";
				ENABLE_NS_ASSERTIONS = NO;
				ENABLE_STRICT_OBJC_MSGSEND = YES;
				GCC_C_LANGUAGE_STANDARD = gnu11;
				GCC_NO_COMMON_BLOCKS = YES;
				GCC_WARN_64_TO_32_BIT_CONVERSION = YES;
				GCC_WARN_ABOUT_RETURN_TYPE = YES_ERROR;
				GCC_WARN_UNDECLARED_SELECTOR = YES;
				GCC_WARN_UNINITIALIZED_AUTOS = YES_AGGRESSIVE;
				GCC_WARN_UNUSED_FUNCTION = YES;
				GCC_WARN_UNUSED_VARIABLE = YES;
				IPHONEOS_DEPLOYMENT_TARGET = 14.4;
				MTL_ENABLE_DEBUG_INFO = NO;
				MTL_FAST_MATH = YES;
				SDKROOT = iphoneos;
				SWIFT_COMPILATION_MODE = wholemodule;
				SWIFT_OPTIMIZATION_LEVEL = "-O";
				VALIDATE_PRODUCT = YES;
			};
			name = Release;
		};
		2CB6BE8B260DC0E200199421 /* Debug */ = {
			isa = XCBuildConfiguration;
			baseConfigurationReference = B9558493A75DE0EC54E3A9EC /* Pods-FoodApp.debug.xcconfig */;
			buildSettings = {
				ASSETCATALOG_COMPILER_APPICON_NAME = AppIcon;
				ASSETCATALOG_COMPILER_GLOBAL_ACCENT_COLOR_NAME = AccentColor;
				CODE_SIGN_STYLE = Automatic;
				DEVELOPMENT_TEAM = BPVMHP7QWP;
				INFOPLIST_FILE = FoodApp/Application/Info.plist;
				IPHONEOS_DEPLOYMENT_TARGET = 13.0;
				LD_RUNPATH_SEARCH_PATHS = (
					"$(inherited)",
					"@executable_path/Frameworks",
				);
				PRODUCT_BUNDLE_IDENTIFIER = ivan.FoodApp;
				PRODUCT_NAME = "$(TARGET_NAME)";
				SWIFT_VERSION = 5.0;
				TARGETED_DEVICE_FAMILY = 1;
			};
			name = Debug;
		};
		2CB6BE8C260DC0E200199421 /* Release */ = {
			isa = XCBuildConfiguration;
			baseConfigurationReference = F0E56FE4EF14077F05345A4C /* Pods-FoodApp.release.xcconfig */;
			buildSettings = {
				ASSETCATALOG_COMPILER_APPICON_NAME = AppIcon;
				ASSETCATALOG_COMPILER_GLOBAL_ACCENT_COLOR_NAME = AccentColor;
				CODE_SIGN_STYLE = Automatic;
				DEVELOPMENT_TEAM = BPVMHP7QWP;
				INFOPLIST_FILE = FoodApp/Application/Info.plist;
				IPHONEOS_DEPLOYMENT_TARGET = 13.0;
				LD_RUNPATH_SEARCH_PATHS = (
					"$(inherited)",
					"@executable_path/Frameworks",
				);
				PRODUCT_BUNDLE_IDENTIFIER = ivan.FoodApp;
				PRODUCT_NAME = "$(TARGET_NAME)";
				SWIFT_VERSION = 5.0;
				TARGETED_DEVICE_FAMILY = 1;
			};
			name = Release;
		};
/* End XCBuildConfiguration section */

/* Begin XCConfigurationList section */
		2CB6BE71260DC0E100199421 /* Build configuration list for PBXProject "FoodApp" */ = {
			isa = XCConfigurationList;
			buildConfigurations = (
				2CB6BE88260DC0E200199421 /* Debug */,
				2CB6BE89260DC0E200199421 /* Release */,
			);
			defaultConfigurationIsVisible = 0;
			defaultConfigurationName = Release;
		};
		2CB6BE8A260DC0E200199421 /* Build configuration list for PBXNativeTarget "FoodApp" */ = {
			isa = XCConfigurationList;
			buildConfigurations = (
				2CB6BE8B260DC0E200199421 /* Debug */,
				2CB6BE8C260DC0E200199421 /* Release */,
			);
			defaultConfigurationIsVisible = 0;
			defaultConfigurationName = Release;
		};
/* End XCConfigurationList section */
	};
	rootObject = 2CB6BE6E260DC0E100199421 /* Project object */;
}
